<?xml version="1.0" encoding="UTF-8" standalone="yes" ?>
<CodeBlocks_project_file>
	<FileVersion major="1" minor="6" />
	<Project>
		<Option title="Parking" />
		<Option pch_mode="2" />
		<Option compiler="gcc" />
		<Build>
			<Target title="Debug">
				<Option output="bin/Debug/Parking" prefix_auto="1" extension_auto="1" />
				<Option object_output="obj/Debug/" />
				<Option type="1" />
				<Option compiler="gcc" />
				<Compiler>
					<Add option="-g" />
					<Add directory="include" />
				</Compiler>
			</Target>
			<Target title="Release">
				<Option output="bin/Release/Parking" prefix_auto="1" extension_auto="1" />
				<Option object_output="obj/Release/" />
				<Option type="1" />
				<Option compiler="gcc" />
				<Compiler>
					<Add option="-O2" />
					<Add directory="include" />
				</Compiler>
				<Linker>
					<Add option="-s" />
				</Linker>
			</Target>
		</Build>
		<Compiler>
			<Add option="-Wall" />
			<Add option="-fexceptions" />
		</Compiler>
		<Unit filename="include/Administrare_Fisier.h" />
		<Unit filename="include/BiletParcare.h" />
		<Unit filename="include/CarAngajat.h" />
		<Unit filename="include/CarClient.h" />
		<Unit filename="include/CitireNumar.h" />
		<Unit filename="include/Dispozitiv.h" />
		<Unit filename="include/Parcare.h" />
		<Unit filename="include/Settings.h" />
		<Unit filename="main.cpp" />
		<Unit filename="src/Administrare_Fisier.cpp" />
		<Unit filename="src/BiletParcare.cpp" />
		<Unit filename="src/CarAngajat.cpp" />
		<Unit filename="src/CarClient.cpp" />
		<Unit filename="src/CitireNumar.cpp" />
		<Unit filename="src/Dispozitiv.cpp" />
		<Unit filename="src/Parcare.cpp" />
		<Unit filename="src/Settings.cpp" />
		<Extensions>
			<lib_finder disable_auto="1" />
		</Extensions>
	</Project>
</CodeBlocks_project_file>
